// !$*UTF8*$!
{
	archiveVersion = 1;
	classes = {
	};
	objectVersion = 50;
	objects = {

/* Begin PBXBuildFile section */
		42B4564BCB24B5D9033E80E2 /* Pods_PathFinder.framework in Frameworks */ = {isa = PBXBuildFile; fileRef = D6DAF62212DC22FC5BBD7E33 /* Pods_PathFinder.framework */; };
		4F3832DA22EB363500A2EE99 /* DetailMapCell.swift in Sources */ = {isa = PBXBuildFile; fileRef = 4F3832D922EB363500A2EE99 /* DetailMapCell.swift */; };
		4F3832DC22EB365600A2EE99 /* DetailType1Cell.swift in Sources */ = {isa = PBXBuildFile; fileRef = 4F3832DB22EB365600A2EE99 /* DetailType1Cell.swift */; };
		4F3832DE22EB366900A2EE99 /* DetailType2Cell.swift in Sources */ = {isa = PBXBuildFile; fileRef = 4F3832DD22EB366900A2EE99 /* DetailType2Cell.swift */; };
		4F3832E022EB368400A2EE99 /* DetailType3Cell.swift in Sources */ = {isa = PBXBuildFile; fileRef = 4F3832DF22EB368400A2EE99 /* DetailType3Cell.swift */; };
		4F3832E222EB36B000A2EE99 /* DetailCommunityCell.swift in Sources */ = {isa = PBXBuildFile; fileRef = 4F3832E122EB36B000A2EE99 /* DetailCommunityCell.swift */; };
		4F3832E422EB37AD00A2EE99 /* CommunityVC.swift in Sources */ = {isa = PBXBuildFile; fileRef = 4F3832E322EB37AD00A2EE99 /* CommunityVC.swift */; };
		CF09E8B622E9F10900B43066 /* AppDelegate.swift in Sources */ = {isa = PBXBuildFile; fileRef = CF09E8B522E9F10900B43066 /* AppDelegate.swift */; };
		CF09E8B822E9F10900B43066 /* MainVC.swift in Sources */ = {isa = PBXBuildFile; fileRef = CF09E8B722E9F10900B43066 /* MainVC.swift */; };
		CF09E8BD22E9F10A00B43066 /* Assets.xcassets in Resources */ = {isa = PBXBuildFile; fileRef = CF09E8BC22E9F10A00B43066 /* Assets.xcassets */; };
		CF09E8C022E9F10A00B43066 /* LaunchScreen.storyboard in Resources */ = {isa = PBXBuildFile; fileRef = CF09E8BE22E9F10A00B43066 /* LaunchScreen.storyboard */; };
		CF09E8CF22E9FAF400B43066 /* MainView.swift in Sources */ = {isa = PBXBuildFile; fileRef = CF09E8CE22E9FAF400B43066 /* MainView.swift */; };
		CF09E8D122E9FB0100B43066 /* APICenter.swift in Sources */ = {isa = PBXBuildFile; fileRef = CF09E8D022E9FB0100B43066 /* APICenter.swift */; };
		CF09E8D422E9FB1600B43066 /* TassData.swift in Sources */ = {isa = PBXBuildFile; fileRef = CF09E8D322E9FB1600B43066 /* TassData.swift */; };
		CF09E8D622E9FB1C00B43066 /* FuryData.swift in Sources */ = {isa = PBXBuildFile; fileRef = CF09E8D522E9FB1C00B43066 /* FuryData.swift */; };
		CF09E8D822E9FB2900B43066 /* UpsData.swift in Sources */ = {isa = PBXBuildFile; fileRef = CF09E8D722E9FB2900B43066 /* UpsData.swift */; };
		CF09E8DB22EAE77000B43066 /* GoogleService-Info.plist in Resources */ = {isa = PBXBuildFile; fileRef = CF09E8DA22EAE77000B43066 /* GoogleService-Info.plist */; };
		CF09E8DD22EAED2500B43066 /* MapVC.swift in Sources */ = {isa = PBXBuildFile; fileRef = CF09E8DC22EAED2500B43066 /* MapVC.swift */; };
		CF09E8DF22EAED3200B43066 /* MapDetailVC.swift in Sources */ = {isa = PBXBuildFile; fileRef = CF09E8DE22EAED3200B43066 /* MapDetailVC.swift */; };
		CF09E8E122EAED4300B43066 /* CompareFaceVC.swift in Sources */ = {isa = PBXBuildFile; fileRef = CF09E8E022EAED4300B43066 /* CompareFaceVC.swift */; };
		CF09E8E322EAED5100B43066 /* MapView.swift in Sources */ = {isa = PBXBuildFile; fileRef = CF09E8E222EAED5100B43066 /* MapView.swift */; };
		CF09E8E522EAED5B00B43066 /* MapDetailView.swift in Sources */ = {isa = PBXBuildFile; fileRef = CF09E8E422EAED5B00B43066 /* MapDetailView.swift */; };
		CF09E8E722EAED6500B43066 /* CompareFaceView.swift in Sources */ = {isa = PBXBuildFile; fileRef = CF09E8E622EAED6500B43066 /* CompareFaceView.swift */; };
		CF09E8EA22EAF12200B43066 /* CustomTabbarView.swift in Sources */ = {isa = PBXBuildFile; fileRef = CF09E8E922EAF12200B43066 /* CustomTabbarView.swift */; };
		CF09E8EC22EAF1B300B43066 /* QuickReportVC.swift in Sources */ = {isa = PBXBuildFile; fileRef = CF09E8EB22EAF1B300B43066 /* QuickReportVC.swift */; };
		CF09E8EE22EAF24C00B43066 /* RewordStoreVC.swift in Sources */ = {isa = PBXBuildFile; fileRef = CF09E8ED22EAF24C00B43066 /* RewordStoreVC.swift */; };
		CF09E8F022EAF26500B43066 /* MyPageVC.swift in Sources */ = {isa = PBXBuildFile; fileRef = CF09E8EF22EAF26500B43066 /* MyPageVC.swift */; };
		CF09E8F222EAF28300B43066 /* QuickReportView.swift in Sources */ = {isa = PBXBuildFile; fileRef = CF09E8F122EAF28300B43066 /* QuickReportView.swift */; };
		CF09E8F422EAF29100B43066 /* RewordStoreView.swift in Sources */ = {isa = PBXBuildFile; fileRef = CF09E8F322EAF29100B43066 /* RewordStoreView.swift */; };
		CF09E8F622EAF29800B43066 /* MyPageView.swift in Sources */ = {isa = PBXBuildFile; fileRef = CF09E8F522EAF29800B43066 /* MyPageView.swift */; };
		CF09E8F822EB03C700B43066 /* SplashVC.swift in Sources */ = {isa = PBXBuildFile; fileRef = CF09E8F722EB03C700B43066 /* SplashVC.swift */; };
		CF09E90222EB183D00B43066 /* MyPageHeaderCell.swift in Sources */ = {isa = PBXBuildFile; fileRef = CF09E90122EB183D00B43066 /* MyPageHeaderCell.swift */; };
		CF09E90422EB184C00B43066 /* MyPageOneContentCell.swift in Sources */ = {isa = PBXBuildFile; fileRef = CF09E90322EB184C00B43066 /* MyPageOneContentCell.swift */; };
		CF09E90722EB18A300B43066 /* MyPageTwoContentCell.swift in Sources */ = {isa = PBXBuildFile; fileRef = CF09E90622EB18A300B43066 /* MyPageTwoContentCell.swift */; };
		CF09E90922EB18AE00B43066 /* MyPageThreeContentCell.swift in Sources */ = {isa = PBXBuildFile; fileRef = CF09E90822EB18AE00B43066 /* MyPageThreeContentCell.swift */; };
		CF09E90B22EB18B700B43066 /* MyPageFourContentCell.swift in Sources */ = {isa = PBXBuildFile; fileRef = CF09E90A22EB18B700B43066 /* MyPageFourContentCell.swift */; };
		CF09E90E22EB192900B43066 /* Color.swift in Sources */ = {isa = PBXBuildFile; fileRef = CF09E90D22EB192900B43066 /* Color.swift */; };
		CF09E91022EB277A00B43066 /* GoogleMapPinView.swift in Sources */ = {isa = PBXBuildFile; fileRef = CF09E90F22EB277A00B43066 /* GoogleMapPinView.swift */; };
/* End PBXBuildFile section */

/* Begin PBXFileReference section */
		4F3832D922EB363500A2EE99 /* DetailMapCell.swift */ = {isa = PBXFileReference; lastKnownFileType = sourcecode.swift; path = DetailMapCell.swift; sourceTree = "<group>"; };
		4F3832DB22EB365600A2EE99 /* DetailType1Cell.swift */ = {isa = PBXFileReference; lastKnownFileType = sourcecode.swift; path = DetailType1Cell.swift; sourceTree = "<group>"; };
		4F3832DD22EB366900A2EE99 /* DetailType2Cell.swift */ = {isa = PBXFileReference; lastKnownFileType = sourcecode.swift; path = DetailType2Cell.swift; sourceTree = "<group>"; };
		4F3832DF22EB368400A2EE99 /* DetailType3Cell.swift */ = {isa = PBXFileReference; lastKnownFileType = sourcecode.swift; path = DetailType3Cell.swift; sourceTree = "<group>"; };
		4F3832E122EB36B000A2EE99 /* DetailCommunityCell.swift */ = {isa = PBXFileReference; lastKnownFileType = sourcecode.swift; path = DetailCommunityCell.swift; sourceTree = "<group>"; };
		4F3832E322EB37AD00A2EE99 /* CommunityVC.swift */ = {isa = PBXFileReference; lastKnownFileType = sourcecode.swift; path = CommunityVC.swift; sourceTree = "<group>"; };
		980CD651A48912706F09417D /* Pods-PathFinder.debug.xcconfig */ = {isa = PBXFileReference; includeInIndex = 1; lastKnownFileType = text.xcconfig; name = "Pods-PathFinder.debug.xcconfig"; path = "Target Support Files/Pods-PathFinder/Pods-PathFinder.debug.xcconfig"; sourceTree = "<group>"; };
		CF09E8B222E9F10900B43066 /* PathFinder.app */ = {isa = PBXFileReference; explicitFileType = wrapper.application; includeInIndex = 0; path = PathFinder.app; sourceTree = BUILT_PRODUCTS_DIR; };
		CF09E8B522E9F10900B43066 /* AppDelegate.swift */ = {isa = PBXFileReference; lastKnownFileType = sourcecode.swift; path = AppDelegate.swift; sourceTree = "<group>"; };
		CF09E8B722E9F10900B43066 /* MainVC.swift */ = {isa = PBXFileReference; lastKnownFileType = sourcecode.swift; path = MainVC.swift; sourceTree = "<group>"; };
		CF09E8BC22E9F10A00B43066 /* Assets.xcassets */ = {isa = PBXFileReference; lastKnownFileType = folder.assetcatalog; path = Assets.xcassets; sourceTree = "<group>"; };
		CF09E8BF22E9F10A00B43066 /* Base */ = {isa = PBXFileReference; lastKnownFileType = file.storyboard; name = Base; path = Base.lproj/LaunchScreen.storyboard; sourceTree = "<group>"; };
		CF09E8C122E9F10A00B43066 /* Info.plist */ = {isa = PBXFileReference; lastKnownFileType = text.plist.xml; path = Info.plist; sourceTree = "<group>"; };
		CF09E8CE22E9FAF400B43066 /* MainView.swift */ = {isa = PBXFileReference; lastKnownFileType = sourcecode.swift; path = MainView.swift; sourceTree = "<group>"; };
		CF09E8D022E9FB0100B43066 /* APICenter.swift */ = {isa = PBXFileReference; lastKnownFileType = sourcecode.swift; path = APICenter.swift; sourceTree = "<group>"; };
		CF09E8D322E9FB1600B43066 /* TassData.swift */ = {isa = PBXFileReference; lastKnownFileType = sourcecode.swift; path = TassData.swift; sourceTree = "<group>"; };
		CF09E8D522E9FB1C00B43066 /* FuryData.swift */ = {isa = PBXFileReference; lastKnownFileType = sourcecode.swift; path = FuryData.swift; sourceTree = "<group>"; };
		CF09E8D722E9FB2900B43066 /* UpsData.swift */ = {isa = PBXFileReference; lastKnownFileType = sourcecode.swift; path = UpsData.swift; sourceTree = "<group>"; };
		CF09E8DA22EAE77000B43066 /* GoogleService-Info.plist */ = {isa = PBXFileReference; fileEncoding = 4; lastKnownFileType = text.plist.xml; path = "GoogleService-Info.plist"; sourceTree = "<group>"; };
		CF09E8DC22EAED2500B43066 /* MapVC.swift */ = {isa = PBXFileReference; lastKnownFileType = sourcecode.swift; path = MapVC.swift; sourceTree = "<group>"; };
		CF09E8DE22EAED3200B43066 /* MapDetailVC.swift */ = {isa = PBXFileReference; lastKnownFileType = sourcecode.swift; path = MapDetailVC.swift; sourceTree = "<group>"; };
		CF09E8E022EAED4300B43066 /* CompareFaceVC.swift */ = {isa = PBXFileReference; lastKnownFileType = sourcecode.swift; path = CompareFaceVC.swift; sourceTree = "<group>"; };
		CF09E8E222EAED5100B43066 /* MapView.swift */ = {isa = PBXFileReference; lastKnownFileType = sourcecode.swift; path = MapView.swift; sourceTree = "<group>"; };
		CF09E8E422EAED5B00B43066 /* MapDetailView.swift */ = {isa = PBXFileReference; lastKnownFileType = sourcecode.swift; path = MapDetailView.swift; sourceTree = "<group>"; };
		CF09E8E622EAED6500B43066 /* CompareFaceView.swift */ = {isa = PBXFileReference; lastKnownFileType = sourcecode.swift; path = CompareFaceView.swift; sourceTree = "<group>"; };
		CF09E8E922EAF12200B43066 /* CustomTabbarView.swift */ = {isa = PBXFileReference; fileEncoding = 4; lastKnownFileType = sourcecode.swift; path = CustomTabbarView.swift; sourceTree = "<group>"; };
		CF09E8EB22EAF1B300B43066 /* QuickReportVC.swift */ = {isa = PBXFileReference; lastKnownFileType = sourcecode.swift; path = QuickReportVC.swift; sourceTree = "<group>"; };
		CF09E8ED22EAF24C00B43066 /* RewordStoreVC.swift */ = {isa = PBXFileReference; lastKnownFileType = sourcecode.swift; path = RewordStoreVC.swift; sourceTree = "<group>"; };
		CF09E8EF22EAF26500B43066 /* MyPageVC.swift */ = {isa = PBXFileReference; lastKnownFileType = sourcecode.swift; path = MyPageVC.swift; sourceTree = "<group>"; };
		CF09E8F122EAF28300B43066 /* QuickReportView.swift */ = {isa = PBXFileReference; lastKnownFileType = sourcecode.swift; path = QuickReportView.swift; sourceTree = "<group>"; };
		CF09E8F322EAF29100B43066 /* RewordStoreView.swift */ = {isa = PBXFileReference; lastKnownFileType = sourcecode.swift; path = RewordStoreView.swift; sourceTree = "<group>"; };
		CF09E8F522EAF29800B43066 /* MyPageView.swift */ = {isa = PBXFileReference; lastKnownFileType = sourcecode.swift; path = MyPageView.swift; sourceTree = "<group>"; };
		CF09E8F722EB03C700B43066 /* SplashVC.swift */ = {isa = PBXFileReference; lastKnownFileType = sourcecode.swift; path = SplashVC.swift; sourceTree = "<group>"; };
		CF09E90122EB183D00B43066 /* MyPageHeaderCell.swift */ = {isa = PBXFileReference; lastKnownFileType = sourcecode.swift; path = MyPageHeaderCell.swift; sourceTree = "<group>"; };
		CF09E90322EB184C00B43066 /* MyPageOneContentCell.swift */ = {isa = PBXFileReference; lastKnownFileType = sourcecode.swift; path = MyPageOneContentCell.swift; sourceTree = "<group>"; };
		CF09E90622EB18A300B43066 /* MyPageTwoContentCell.swift */ = {isa = PBXFileReference; lastKnownFileType = sourcecode.swift; path = MyPageTwoContentCell.swift; sourceTree = "<group>"; };
		CF09E90822EB18AE00B43066 /* MyPageThreeContentCell.swift */ = {isa = PBXFileReference; lastKnownFileType = sourcecode.swift; path = MyPageThreeContentCell.swift; sourceTree = "<group>"; };
		CF09E90A22EB18B700B43066 /* MyPageFourContentCell.swift */ = {isa = PBXFileReference; lastKnownFileType = sourcecode.swift; path = MyPageFourContentCell.swift; sourceTree = "<group>"; };
		CF09E90D22EB192900B43066 /* Color.swift */ = {isa = PBXFileReference; lastKnownFileType = sourcecode.swift; path = Color.swift; sourceTree = "<group>"; };
		CF09E90F22EB277A00B43066 /* GoogleMapPinView.swift */ = {isa = PBXFileReference; lastKnownFileType = sourcecode.swift; path = GoogleMapPinView.swift; sourceTree = "<group>"; };
		D6DAF62212DC22FC5BBD7E33 /* Pods_PathFinder.framework */ = {isa = PBXFileReference; explicitFileType = wrapper.framework; includeInIndex = 0; path = Pods_PathFinder.framework; sourceTree = BUILT_PRODUCTS_DIR; };
		F8C5F767E0F488B1D750D645 /* Pods-PathFinder.release.xcconfig */ = {isa = PBXFileReference; includeInIndex = 1; lastKnownFileType = text.xcconfig; name = "Pods-PathFinder.release.xcconfig"; path = "Target Support Files/Pods-PathFinder/Pods-PathFinder.release.xcconfig"; sourceTree = "<group>"; };
/* End PBXFileReference section */

/* Begin PBXFrameworksBuildPhase section */
		CF09E8AF22E9F10900B43066 /* Frameworks */ = {
			isa = PBXFrameworksBuildPhase;
			buildActionMask = 2147483647;
			files = (
				42B4564BCB24B5D9033E80E2 /* Pods_PathFinder.framework in Frameworks */,
			);
			runOnlyForDeploymentPostprocessing = 0;
		};
/* End PBXFrameworksBuildPhase section */

/* Begin PBXGroup section */
		26AEE87F9409B586F36CA457 /* Frameworks */ = {
			isa = PBXGroup;
			children = (
				D6DAF62212DC22FC5BBD7E33 /* Pods_PathFinder.framework */,
			);
			name = Frameworks;
			sourceTree = "<group>";
		};
		4F3832D822EB35ED00A2EE99 /* MapDetail */ = {
			isa = PBXGroup;
			children = (
				4F3832D922EB363500A2EE99 /* DetailMapCell.swift */,
				4F3832DB22EB365600A2EE99 /* DetailType1Cell.swift */,
				4F3832DD22EB366900A2EE99 /* DetailType2Cell.swift */,
				4F3832DF22EB368400A2EE99 /* DetailType3Cell.swift */,
				4F3832E122EB36B000A2EE99 /* DetailCommunityCell.swift */,
			);
			path = MapDetail;
			sourceTree = "<group>";
		};
		783CBA7A454023497B4549E3 /* Pods */ = {
			isa = PBXGroup;
			children = (
				980CD651A48912706F09417D /* Pods-PathFinder.debug.xcconfig */,
				F8C5F767E0F488B1D750D645 /* Pods-PathFinder.release.xcconfig */,
			);
			path = Pods;
			sourceTree = "<group>";
		};
		CF09E8A922E9F10900B43066 = {
			isa = PBXGroup;
			children = (
				CF09E8B422E9F10900B43066 /* PathFinder */,
				CF09E8B322E9F10900B43066 /* Products */,
				783CBA7A454023497B4549E3 /* Pods */,
				26AEE87F9409B586F36CA457 /* Frameworks */,
			);
			sourceTree = "<group>";
		};
		CF09E8B322E9F10900B43066 /* Products */ = {
			isa = PBXGroup;
			children = (
				CF09E8B222E9F10900B43066 /* PathFinder.app */,
			);
			name = Products;
			sourceTree = "<group>";
		};
		CF09E8B422E9F10900B43066 /* PathFinder */ = {
			isa = PBXGroup;
			children = (
				CF09E8B522E9F10900B43066 /* AppDelegate.swift */,
				CF09E8C122E9F10A00B43066 /* Info.plist */,
				CF09E8DA22EAE77000B43066 /* GoogleService-Info.plist */,
				CF09E90C22EB191C00B43066 /* Utill */,
				CF09E8E822EAF10600B43066 /* CustomTabBar */,
				CF09E8CC22E9FAD600B43066 /* Controller */,
				CF09E8CB22E9FAD300B43066 /* View */,
				CF09E8F922EB178B00B43066 /* Cells */,
				CF09E8CA22E9FACE00B43066 /* APICenter */,
				CF09E8D222E9FB0700B43066 /* Data */,
				CF09E8C922E9FACA00B43066 /* Source */,
			);
			path = PathFinder;
			sourceTree = "<group>";
		};
		CF09E8C922E9FACA00B43066 /* Source */ = {
			isa = PBXGroup;
			children = (
				CF09E8BC22E9F10A00B43066 /* Assets.xcassets */,
				CF09E8BE22E9F10A00B43066 /* LaunchScreen.storyboard */,
			);
			path = Source;
			sourceTree = "<group>";
		};
		CF09E8CA22E9FACE00B43066 /* APICenter */ = {
			isa = PBXGroup;
			children = (
				CF09E8D022E9FB0100B43066 /* APICenter.swift */,
			);
			path = APICenter;
			sourceTree = "<group>";
		};
		CF09E8CB22E9FAD300B43066 /* View */ = {
			isa = PBXGroup;
			children = (
				CF09E8CE22E9FAF400B43066 /* MainView.swift */,
				CF09E8E222EAED5100B43066 /* MapView.swift */,
				CF09E90F22EB277A00B43066 /* GoogleMapPinView.swift */,
				CF09E8E422EAED5B00B43066 /* MapDetailView.swift */,
				CF09E8E622EAED6500B43066 /* CompareFaceView.swift */,
				CF09E8F122EAF28300B43066 /* QuickReportView.swift */,
				CF09E8F322EAF29100B43066 /* RewordStoreView.swift */,
				CF09E8F522EAF29800B43066 /* MyPageView.swift */,
			);
			path = View;
			sourceTree = "<group>";
		};
		CF09E8CC22E9FAD600B43066 /* Controller */ = {
			isa = PBXGroup;
			children = (
				CF09E8F722EB03C700B43066 /* SplashVC.swift */,
				CF09E8B722E9F10900B43066 /* MainVC.swift */,
				CF09E8DC22EAED2500B43066 /* MapVC.swift */,
				CF09E8DE22EAED3200B43066 /* MapDetailVC.swift */,
				CF09E8E022EAED4300B43066 /* CompareFaceVC.swift */,
				CF09E8EB22EAF1B300B43066 /* QuickReportVC.swift */,
				CF09E8ED22EAF24C00B43066 /* RewordStoreVC.swift */,
				CF09E8EF22EAF26500B43066 /* MyPageVC.swift */,
				4F3832E322EB37AD00A2EE99 /* CommunityVC.swift */,
			);
			path = Controller;
			sourceTree = "<group>";
		};
		CF09E8D222E9FB0700B43066 /* Data */ = {
			isa = PBXGroup;
			children = (
				CF09E8D322E9FB1600B43066 /* TassData.swift */,
				CF09E8D522E9FB1C00B43066 /* FuryData.swift */,
				CF09E8D722E9FB2900B43066 /* UpsData.swift */,
			);
			path = Data;
			sourceTree = "<group>";
		};
		CF09E8E822EAF10600B43066 /* CustomTabBar */ = {
			isa = PBXGroup;
			children = (
				CF09E8E922EAF12200B43066 /* CustomTabbarView.swift */,
			);
			path = CustomTabBar;
			sourceTree = "<group>";
		};
		CF09E8F922EB178B00B43066 /* Cells */ = {
			isa = PBXGroup;
			children = (
				4F3832D822EB35ED00A2EE99 /* MapDetail */,
				CF09E90022EB181300B43066 /* MyPageCells */,
			);
			path = Cells;
			sourceTree = "<group>";
		};
		CF09E90022EB181300B43066 /* MyPageCells */ = {
			isa = PBXGroup;
			children = (
				CF09E90122EB183D00B43066 /* MyPageHeaderCell.swift */,
				CF09E90322EB184C00B43066 /* MyPageOneContentCell.swift */,
				CF09E90622EB18A300B43066 /* MyPageTwoContentCell.swift */,
				CF09E90822EB18AE00B43066 /* MyPageThreeContentCell.swift */,
				CF09E90A22EB18B700B43066 /* MyPageFourContentCell.swift */,
			);
			path = MyPageCells;
			sourceTree = "<group>";
		};
		CF09E90C22EB191C00B43066 /* Utill */ = {
			isa = PBXGroup;
			children = (
				CF09E90D22EB192900B43066 /* Color.swift */,
			);
			path = Utill;
			sourceTree = "<group>";
		};
/* End PBXGroup section */

/* Begin PBXNativeTarget section */
		CF09E8B122E9F10900B43066 /* PathFinder */ = {
			isa = PBXNativeTarget;
			buildConfigurationList = CF09E8C422E9F10A00B43066 /* Build configuration list for PBXNativeTarget "PathFinder" */;
			buildPhases = (
				10956F347970794960C3D5FF /* [CP] Check Pods Manifest.lock */,
				CF09E8AE22E9F10900B43066 /* Sources */,
				CF09E8AF22E9F10900B43066 /* Frameworks */,
				CF09E8B022E9F10900B43066 /* Resources */,
				153307B84E6CB81434DF3043 /* [CP] Embed Pods Frameworks */,
				AF2606C96CE47E3B42895FBB /* [CP] Copy Pods Resources */,
			);
			buildRules = (
			);
			dependencies = (
			);
			name = PathFinder;
			productName = PathFinder;
			productReference = CF09E8B222E9F10900B43066 /* PathFinder.app */;
			productType = "com.apple.product-type.application";
		};
/* End PBXNativeTarget section */

/* Begin PBXProject section */
		CF09E8AA22E9F10900B43066 /* Project object */ = {
			isa = PBXProject;
			attributes = {
				LastSwiftUpdateCheck = 1030;
				LastUpgradeCheck = 1030;
				ORGANIZATIONNAME = Fury;
				TargetAttributes = {
					CF09E8B122E9F10900B43066 = {
						CreatedOnToolsVersion = 10.3;
					};
				};
			};
			buildConfigurationList = CF09E8AD22E9F10900B43066 /* Build configuration list for PBXProject "PathFinder" */;
			compatibilityVersion = "Xcode 9.3";
			developmentRegion = en;
			hasScannedForEncodings = 0;
			knownRegions = (
				en,
				Base,
			);
			mainGroup = CF09E8A922E9F10900B43066;
			productRefGroup = CF09E8B322E9F10900B43066 /* Products */;
			projectDirPath = "";
			projectRoot = "";
			targets = (
				CF09E8B122E9F10900B43066 /* PathFinder */,
			);
		};
/* End PBXProject section */

/* Begin PBXResourcesBuildPhase section */
		CF09E8B022E9F10900B43066 /* Resources */ = {
			isa = PBXResourcesBuildPhase;
			buildActionMask = 2147483647;
			files = (
				CF09E8C022E9F10A00B43066 /* LaunchScreen.storyboard in Resources */,
				CF09E8BD22E9F10A00B43066 /* Assets.xcassets in Resources */,
				CF09E8DB22EAE77000B43066 /* GoogleService-Info.plist in Resources */,
			);
			runOnlyForDeploymentPostprocessing = 0;
		};
/* End PBXResourcesBuildPhase section */

/* Begin PBXShellScriptBuildPhase section */
		10956F347970794960C3D5FF /* [CP] Check Pods Manifest.lock */ = {
			isa = PBXShellScriptBuildPhase;
			buildActionMask = 2147483647;
			files = (
			);
			inputFileListPaths = (
			);
			inputPaths = (
				"${PODS_PODFILE_DIR_PATH}/Podfile.lock",
				"${PODS_ROOT}/Manifest.lock",
			);
			name = "[CP] Check Pods Manifest.lock";
			outputFileListPaths = (
			);
			outputPaths = (
				"$(DERIVED_FILE_DIR)/Pods-PathFinder-checkManifestLockResult.txt",
			);
			runOnlyForDeploymentPostprocessing = 0;
			shellPath = /bin/sh;
			shellScript = "diff \"${PODS_PODFILE_DIR_PATH}/Podfile.lock\" \"${PODS_ROOT}/Manifest.lock\" > /dev/null\nif [ $? != 0 ] ; then\n    # print error to STDERR\n    echo \"error: The sandbox is not in sync with the Podfile.lock. Run 'pod install' or update your CocoaPods installation.\" >&2\n    exit 1\nfi\n# This output is used by Xcode 'outputs' to avoid re-running this script phase.\necho \"SUCCESS\" > \"${SCRIPT_OUTPUT_FILE_0}\"\n";
			showEnvVarsInLog = 0;
		};
		153307B84E6CB81434DF3043 /* [CP] Embed Pods Frameworks */ = {
			isa = PBXShellScriptBuildPhase;
			buildActionMask = 2147483647;
			files = (
			);
			inputFileListPaths = (
			);
			inputPaths = (
				"${PODS_ROOT}/Target Support Files/Pods-PathFinder/Pods-PathFinder-frameworks.sh",
				"${BUILT_PRODUCTS_DIR}/Alamofire/Alamofire.framework",
				"${BUILT_PRODUCTS_DIR}/BoringSSL-GRPC/openssl_grpc.framework",
				"${BUILT_PRODUCTS_DIR}/GTMSessionFetcher/GTMSessionFetcher.framework",
				"${BUILT_PRODUCTS_DIR}/GoogleUtilities/GoogleUtilities.framework",
				"${BUILT_PRODUCTS_DIR}/Kingfisher/Kingfisher.framework",
				"${BUILT_PRODUCTS_DIR}/Protobuf/Protobuf.framework",
				"${BUILT_PRODUCTS_DIR}/SnapKit/SnapKit.framework",
				"${BUILT_PRODUCTS_DIR}/gRPC-C++/grpcpp.framework",
				"${BUILT_PRODUCTS_DIR}/gRPC-Core/grpc.framework",
				"${BUILT_PRODUCTS_DIR}/leveldb-library/leveldb.framework",
				"${BUILT_PRODUCTS_DIR}/nanopb/nanopb.framework",
			);
			name = "[CP] Embed Pods Frameworks";
			outputFileListPaths = (
			);
			outputPaths = (
				"${TARGET_BUILD_DIR}/${FRAMEWORKS_FOLDER_PATH}/Alamofire.framework",
				"${TARGET_BUILD_DIR}/${FRAMEWORKS_FOLDER_PATH}/openssl_grpc.framework",
				"${TARGET_BUILD_DIR}/${FRAMEWORKS_FOLDER_PATH}/GTMSessionFetcher.framework",
				"${TARGET_BUILD_DIR}/${FRAMEWORKS_FOLDER_PATH}/GoogleUtilities.framework",
				"${TARGET_BUILD_DIR}/${FRAMEWORKS_FOLDER_PATH}/Kingfisher.framework",
				"${TARGET_BUILD_DIR}/${FRAMEWORKS_FOLDER_PATH}/Protobuf.framework",
				"${TARGET_BUILD_DIR}/${FRAMEWORKS_FOLDER_PATH}/SnapKit.framework",
				"${TARGET_BUILD_DIR}/${FRAMEWORKS_FOLDER_PATH}/grpcpp.framework",
				"${TARGET_BUILD_DIR}/${FRAMEWORKS_FOLDER_PATH}/grpc.framework",
				"${TARGET_BUILD_DIR}/${FRAMEWORKS_FOLDER_PATH}/leveldb.framework",
				"${TARGET_BUILD_DIR}/${FRAMEWORKS_FOLDER_PATH}/nanopb.framework",
			);
			runOnlyForDeploymentPostprocessing = 0;
			shellPath = /bin/sh;
			shellScript = "\"${PODS_ROOT}/Target Support Files/Pods-PathFinder/Pods-PathFinder-frameworks.sh\"\n";
			showEnvVarsInLog = 0;
		};
		AF2606C96CE47E3B42895FBB /* [CP] Copy Pods Resources */ = {
			isa = PBXShellScriptBuildPhase;
			buildActionMask = 2147483647;
			files = (
			);
			inputFileListPaths = (
			);
			inputPaths = (
				"${PODS_ROOT}/Target Support Files/Pods-PathFinder/Pods-PathFinder-resources.sh",
				"${PODS_ROOT}/GoogleMaps/Maps/Frameworks/GoogleMaps.framework/Resources/GoogleMaps.bundle",
				"${PODS_ROOT}/GooglePlaces/Frameworks/GooglePlaces.framework/Resources/GooglePlaces.bundle",
			);
			name = "[CP] Copy Pods Resources";
			outputFileListPaths = (
			);
			outputPaths = (
				"${TARGET_BUILD_DIR}/${UNLOCALIZED_RESOURCES_FOLDER_PATH}/GoogleMaps.bundle",
				"${TARGET_BUILD_DIR}/${UNLOCALIZED_RESOURCES_FOLDER_PATH}/GooglePlaces.bundle",
			);
			runOnlyForDeploymentPostprocessing = 0;
			shellPath = /bin/sh;
			shellScript = "\"${PODS_ROOT}/Target Support Files/Pods-PathFinder/Pods-PathFinder-resources.sh\"\n";
			showEnvVarsInLog = 0;
		};
/* End PBXShellScriptBuildPhase section */

/* Begin PBXSourcesBuildPhase section */
		CF09E8AE22E9F10900B43066 /* Sources */ = {
			isa = PBXSourcesBuildPhase;
			buildActionMask = 2147483647;
			files = (
				CF09E8F022EAF26500B43066 /* MyPageVC.swift in Sources */,
				CF09E8F422EAF29100B43066 /* RewordStoreView.swift in Sources */,
				4F3832DA22EB363500A2EE99 /* DetailMapCell.swift in Sources */,
				4F3832E222EB36B000A2EE99 /* DetailCommunityCell.swift in Sources */,
				CF09E91022EB277A00B43066 /* GoogleMapPinView.swift in Sources */,
				CF09E8D422E9FB1600B43066 /* TassData.swift in Sources */,
				CF09E8E122EAED4300B43066 /* CompareFaceVC.swift in Sources */,
				4F3832DE22EB366900A2EE99 /* DetailType2Cell.swift in Sources */,
				CF09E8B822E9F10900B43066 /* MainVC.swift in Sources */,
				CF09E90922EB18AE00B43066 /* MyPageThreeContentCell.swift in Sources */,
				4F3832E422EB37AD00A2EE99 /* CommunityVC.swift in Sources */,
				CF09E90722EB18A300B43066 /* MyPageTwoContentCell.swift in Sources */,
				CF09E8F222EAF28300B43066 /* QuickReportView.swift in Sources */,
				CF09E8E322EAED5100B43066 /* MapView.swift in Sources */,
				CF09E8E722EAED6500B43066 /* CompareFaceView.swift in Sources */,
				CF09E90B22EB18B700B43066 /* MyPageFourContentCell.swift in Sources */,
				CF09E90422EB184C00B43066 /* MyPageOneContentCell.swift in Sources */,
				CF09E8D122E9FB0100B43066 /* APICenter.swift in Sources */,
				CF09E90222EB183D00B43066 /* MyPageHeaderCell.swift in Sources */,
				CF09E8D822E9FB2900B43066 /* UpsData.swift in Sources */,
				CF09E8EE22EAF24C00B43066 /* RewordStoreVC.swift in Sources */,
				CF09E8EC22EAF1B300B43066 /* QuickReportVC.swift in Sources */,
				CF09E90E22EB192900B43066 /* Color.swift in Sources */,
				CF09E8CF22E9FAF400B43066 /* MainView.swift in Sources */,
				CF09E8DF22EAED3200B43066 /* MapDetailVC.swift in Sources */,
				CF09E8DD22EAED2500B43066 /* MapVC.swift in Sources */,
				4F3832E022EB368400A2EE99 /* DetailType3Cell.swift in Sources */,
				CF09E8B622E9F10900B43066 /* AppDelegate.swift in Sources */,
				4F3832DC22EB365600A2EE99 /* DetailType1Cell.swift in Sources */,
				CF09E8EA22EAF12200B43066 /* CustomTabbarView.swift in Sources */,
				CF09E8F622EAF29800B43066 /* MyPageView.swift in Sources */,
				CF09E8E522EAED5B00B43066 /* MapDetailView.swift in Sources */,
				CF09E8D622E9FB1C00B43066 /* FuryData.swift in Sources */,
				CF09E8F822EB03C700B43066 /* SplashVC.swift in Sources */,
			);
			runOnlyForDeploymentPostprocessing = 0;
		};
/* End PBXSourcesBuildPhase section */

/* Begin PBXVariantGroup section */
		CF09E8BE22E9F10A00B43066 /* LaunchScreen.storyboard */ = {
			isa = PBXVariantGroup;
			children = (
				CF09E8BF22E9F10A00B43066 /* Base */,
			);
			name = LaunchScreen.storyboard;
			sourceTree = "<group>";
		};
/* End PBXVariantGroup section */

/* Begin XCBuildConfiguration section */
		CF09E8C222E9F10A00B43066 /* Debug */ = {
			isa = XCBuildConfiguration;
			buildSettings = {
				ALWAYS_SEARCH_USER_PATHS = NO;
				CLANG_ANALYZER_NONNULL = YES;
				CLANG_ANALYZER_NUMBER_OBJECT_CONVERSION = YES_AGGRESSIVE;
				CLANG_CXX_LANGUAGE_STANDARD = "gnu++14";
				CLANG_CXX_LIBRARY = "libc++";
				CLANG_ENABLE_MODULES = YES;
				CLANG_ENABLE_OBJC_ARC = YES;
				CLANG_ENABLE_OBJC_WEAK = YES;
				CLANG_WARN_BLOCK_CAPTURE_AUTORELEASING = YES;
				CLANG_WARN_BOOL_CONVERSION = YES;
				CLANG_WARN_COMMA = YES;
				CLANG_WARN_CONSTANT_CONVERSION = YES;
				CLANG_WARN_DEPRECATED_OBJC_IMPLEMENTATIONS = YES;
				CLANG_WARN_DIRECT_OBJC_ISA_USAGE = YES_ERROR;
				CLANG_WARN_DOCUMENTATION_COMMENTS = YES;
				CLANG_WARN_EMPTY_BODY = YES;
				CLANG_WARN_ENUM_CONVERSION = YES;
				CLANG_WARN_INFINITE_RECURSION = YES;
				CLANG_WARN_INT_CONVERSION = YES;
				CLANG_WARN_NON_LITERAL_NULL_CONVERSION = YES;
				CLANG_WARN_OBJC_IMPLICIT_RETAIN_SELF = YES;
				CLANG_WARN_OBJC_LITERAL_CONVERSION = YES;
				CLANG_WARN_OBJC_ROOT_CLASS = YES_ERROR;
				CLANG_WARN_RANGE_LOOP_ANALYSIS = YES;
				CLANG_WARN_STRICT_PROTOTYPES = YES;
				CLANG_WARN_SUSPICIOUS_MOVE = YES;
				CLANG_WARN_UNGUARDED_AVAILABILITY = YES_AGGRESSIVE;
				CLANG_WARN_UNREACHABLE_CODE = YES;
				CLANG_WARN__DUPLICATE_METHOD_MATCH = YES;
				CODE_SIGN_IDENTITY = "iPhone Developer";
				COPY_PHASE_STRIP = NO;
				DEBUG_INFORMATION_FORMAT = dwarf;
				ENABLE_STRICT_OBJC_MSGSEND = YES;
				ENABLE_TESTABILITY = YES;
				GCC_C_LANGUAGE_STANDARD = gnu11;
				GCC_DYNAMIC_NO_PIC = NO;
				GCC_NO_COMMON_BLOCKS = YES;
				GCC_OPTIMIZATION_LEVEL = 0;
				GCC_PREPROCESSOR_DEFINITIONS = (
					"DEBUG=1",
					"$(inherited)",
				);
				GCC_WARN_64_TO_32_BIT_CONVERSION = YES;
				GCC_WARN_ABOUT_RETURN_TYPE = YES_ERROR;
				GCC_WARN_UNDECLARED_SELECTOR = YES;
				GCC_WARN_UNINITIALIZED_AUTOS = YES_AGGRESSIVE;
				GCC_WARN_UNUSED_FUNCTION = YES;
				GCC_WARN_UNUSED_VARIABLE = YES;
				IPHONEOS_DEPLOYMENT_TARGET = 12.4;
				MTL_ENABLE_DEBUG_INFO = INCLUDE_SOURCE;
				MTL_FAST_MATH = YES;
				ONLY_ACTIVE_ARCH = YES;
				SDKROOT = iphoneos;
				SWIFT_ACTIVE_COMPILATION_CONDITIONS = DEBUG;
				SWIFT_OPTIMIZATION_LEVEL = "-Onone";
			};
			name = Debug;
		};
		CF09E8C322E9F10A00B43066 /* Release */ = {
			isa = XCBuildConfiguration;
			buildSettings = {
				ALWAYS_SEARCH_USER_PATHS = NO;
				CLANG_ANALYZER_NONNULL = YES;
				CLANG_ANALYZER_NUMBER_OBJECT_CONVERSION = YES_AGGRESSIVE;
				CLANG_CXX_LANGUAGE_STANDARD = "gnu++14";
				CLANG_CXX_LIBRARY = "libc++";
				CLANG_ENABLE_MODULES = YES;
				CLANG_ENABLE_OBJC_ARC = YES;
				CLANG_ENABLE_OBJC_WEAK = YES;
				CLANG_WARN_BLOCK_CAPTURE_AUTORELEASING = YES;
				CLANG_WARN_BOOL_CONVERSION = YES;
				CLANG_WARN_COMMA = YES;
				CLANG_WARN_CONSTANT_CONVERSION = YES;
				CLANG_WARN_DEPRECATED_OBJC_IMPLEMENTATIONS = YES;
				CLANG_WARN_DIRECT_OBJC_ISA_USAGE = YES_ERROR;
				CLANG_WARN_DOCUMENTATION_COMMENTS = YES;
				CLANG_WARN_EMPTY_BODY = YES;
				CLANG_WARN_ENUM_CONVERSION = YES;
				CLANG_WARN_INFINITE_RECURSION = YES;
				CLANG_WARN_INT_CONVERSION = YES;
				CLANG_WARN_NON_LITERAL_NULL_CONVERSION = YES;
				CLANG_WARN_OBJC_IMPLICIT_RETAIN_SELF = YES;
				CLANG_WARN_OBJC_LITERAL_CONVERSION = YES;
				CLANG_WARN_OBJC_ROOT_CLASS = YES_ERROR;
				CLANG_WARN_RANGE_LOOP_ANALYSIS = YES;
				CLANG_WARN_STRICT_PROTOTYPES = YES;
				CLANG_WARN_SUSPICIOUS_MOVE = YES;
				CLANG_WARN_UNGUARDED_AVAILABILITY = YES_AGGRESSIVE;
				CLANG_WARN_UNREACHABLE_CODE = YES;
				CLANG_WARN__DUPLICATE_METHOD_MATCH = YES;
				CODE_SIGN_IDENTITY = "iPhone Developer";
				COPY_PHASE_STRIP = NO;
				DEBUG_INFORMATION_FORMAT = "dwarf-with-dsym";
				ENABLE_NS_ASSERTIONS = NO;
				ENABLE_STRICT_OBJC_MSGSEND = YES;
				GCC_C_LANGUAGE_STANDARD = gnu11;
				GCC_NO_COMMON_BLOCKS = YES;
				GCC_WARN_64_TO_32_BIT_CONVERSION = YES;
				GCC_WARN_ABOUT_RETURN_TYPE = YES_ERROR;
				GCC_WARN_UNDECLARED_SELECTOR = YES;
				GCC_WARN_UNINITIALIZED_AUTOS = YES_AGGRESSIVE;
				GCC_WARN_UNUSED_FUNCTION = YES;
				GCC_WARN_UNUSED_VARIABLE = YES;
				IPHONEOS_DEPLOYMENT_TARGET = 12.4;
				MTL_ENABLE_DEBUG_INFO = NO;
				MTL_FAST_MATH = YES;
				SDKROOT = iphoneos;
				SWIFT_COMPILATION_MODE = wholemodule;
				SWIFT_OPTIMIZATION_LEVEL = "-O";
				VALIDATE_PRODUCT = YES;
			};
			name = Release;
		};
		CF09E8C522E9F10A00B43066 /* Debug */ = {
			isa = XCBuildConfiguration;
			baseConfigurationReference = 980CD651A48912706F09417D /* Pods-PathFinder.debug.xcconfig */;
			buildSettings = {
				ASSETCATALOG_COMPILER_APPICON_NAME = AppIcon;
				CODE_SIGN_STYLE = Automatic;
				DEVELOPMENT_TEAM = ZLN97H98PA;
				INFOPLIST_FILE = PathFinder/Info.plist;
				IPHONEOS_DEPLOYMENT_TARGET = 12.4;
				LD_RUNPATH_SEARCH_PATHS = (
					"$(inherited)",
					"@executable_path/Frameworks",
				);
				PRODUCT_BUNDLE_IDENTIFIER = org.fury.PathFinder;
				PRODUCT_NAME = "$(TARGET_NAME)";
				SWIFT_VERSION = 5.0;
				TARGETED_DEVICE_FAMILY = 1;
			};
			name = Debug;
		};
		CF09E8C622E9F10A00B43066 /* Release */ = {
			isa = XCBuildConfiguration;
			baseConfigurationReference = F8C5F767E0F488B1D750D645 /* Pods-PathFinder.release.xcconfig */;
			buildSettings = {
				ASSETCATALOG_COMPILER_APPICON_NAME = AppIcon;
				CODE_SIGN_STYLE = Automatic;
				DEVELOPMENT_TEAM = ZLN97H98PA;
				INFOPLIST_FILE = PathFinder/Info.plist;
				IPHONEOS_DEPLOYMENT_TARGET = 12.4;
				LD_RUNPATH_SEARCH_PATHS = (
					"$(inherited)",
					"@executable_path/Frameworks",
				);
				PRODUCT_BUNDLE_IDENTIFIER = org.fury.PathFinder;
				PRODUCT_NAME = "$(TARGET_NAME)";
				SWIFT_VERSION = 5.0;
				TARGETED_DEVICE_FAMILY = 1;
			};
			name = Release;
		};
/* End XCBuildConfiguration section */

/* Begin XCConfigurationList section */
		CF09E8AD22E9F10900B43066 /* Build configuration list for PBXProject "PathFinder" */ = {
			isa = XCConfigurationList;
			buildConfigurations = (
				CF09E8C222E9F10A00B43066 /* Debug */,
				CF09E8C322E9F10A00B43066 /* Release */,
			);
			defaultConfigurationIsVisible = 0;
			defaultConfigurationName = Release;
		};
		CF09E8C422E9F10A00B43066 /* Build configuration list for PBXNativeTarget "PathFinder" */ = {
			isa = XCConfigurationList;
			buildConfigurations = (
				CF09E8C522E9F10A00B43066 /* Debug */,
				CF09E8C622E9F10A00B43066 /* Release */,
			);
			defaultConfigurationIsVisible = 0;
			defaultConfigurationName = Release;
		};
/* End XCConfigurationList section */
	};
	rootObject = CF09E8AA22E9F10900B43066 /* Project object */;
}
